
Microsoft Visual Studio Solution File, Format Version 12.00
# Visual Studio Version 17
VisualStudioVersion = 17.14.36109.1 d17.14
MinimumVisualStudioVersion = 10.0.40219.1
Project("{FAE04EC0-301F-11D3-BF4B-00C04F79EFBC}") = "BloodDonation-SWD", "BloodDonation-SWD\BloodDonation-SWD.csproj", "{6FD47495-0628-49D1-9A2C-B8D5494ECAC6}"
EndProject
Global
	GlobalSection(SolutionConfigurationPlatforms) = preSolution
		Debug|Any CPU = Debug|Any CPU
		Release|Any CPU = Release|Any CPU
	EndGlobalSection
	GlobalSection(ProjectConfigurationPlatforms) = postSolution
		{6FD47495-0628-49D1-9A2C-B8D5494ECAC6}.Debug|Any CPU.ActiveCfg = Debug|Any CPU
		{6FD47495-0628-49D1-9A2C-B8D5494ECAC6}.Debug|Any CPU.Build.0 = Debug|Any CPU
		{6FD47495-0628-49D1-9A2C-B8D5494ECAC6}.Release|Any CPU.ActiveCfg = Release|Any CPU
		{6FD47495-0628-49D1-9A2C-B8D5494ECAC6}.Release|Any CPU.Build.0 = Release|Any CPU
	EndGlobalSection
	GlobalSection(SolutionProperties) = preSolution
		HideSolutionNode = FALSE
	EndGlobalSection
	GlobalSection(ExtensibilityGlobals) = postSolution
		SolutionGuid = {5AD38B66-22B0-4B45-8FC0-4D7325A754AD}
	EndGlobalSection
EndGlobal
